// !$*UTF8*$!
{
	archiveVersion = 1;
	classes = {
	};
	objectVersion = 77;
	objects = {

/* Begin PBXContainerItemProxy section */
		3ED77D3C2E0AB16F0003BFF6 /* PBXContainerItemProxy */ = {
			isa = PBXContainerItemProxy;
			containerPortal = 3ED77D232E0AB16E0003BFF6 /* Project object */;
			proxyType = 1;
			remoteGlobalIDString = 3ED77D2A2E0AB16E0003BFF6;
			remoteInfo = VideoScrubber;
		};
		3ED77D462E0AB16F0003BFF6 /* PBXContainerItemProxy */ = {
			isa = PBXContainerItemProxy;
			containerPortal = 3ED77D232E0AB16E0003BFF6 /* Project object */;
			proxyType = 1;
			remoteGlobalIDString = 3ED77D2A2E0AB16E0003BFF6;
			remoteInfo = VideoScrubber;
		};
/* End PBXContainerItemProxy section */

/* Begin PBXFileReference section */
		3ED77D2B2E0AB16E0003BFF6 /* VideoScrubber.app */ = {isa = PBXFileReference; explicitFileType = wrapper.application; includeInIndex = 0; path = VideoScrubber.app; sourceTree = BUILT_PRODUCTS_DIR; };
		3ED77D3B2E0AB16F0003BFF6 /* VideoScrubberTests.xctest */ = {isa = PBXFileReference; explicitFileType = wrapper.cfbundle; includeInIndex = 0; path = VideoScrubberTests.xctest; sourceTree = BUILT_PRODUCTS_DIR; };
		3ED77D452E0AB16F0003BFF6 /* VideoScrubberUITests.xctest */ = {isa = PBXFileReference; explicitFileType = wrapper.cfbundle; includeInIndex = 0; path = VideoScrubberUITests.xctest; sourceTree = BUILT_PRODUCTS_DIR; };
/* End PBXFileReference section */

/* Begin PBXFileSystemSynchronizedRootGroup section */
		3ED77D2D2E0AB16E0003BFF6 /* VideoScrubber */ = {
			isa = PBXFileSystemSynchronizedRootGroup;
			path = VideoScrubber;
			sourceTree = "<group>";
		};
		3ED77D3E2E0AB16F0003BFF6 /* VideoScrubberTests */ = {
			isa = PBXFileSystemSynchronizedRootGroup;
			path = VideoScrubberTests;
			sourceTree = "<group>";
		};
		3ED77D482E0AB16F0003BFF6 /* VideoScrubberUITests */ = {
			isa = PBXFileSystemSynchronizedRootGroup;
			path = VideoScrubberUITests;
			sourceTree = "<group>";
		};
/* End PBXFileSystemSynchronizedRootGroup section */

/* Begin PBXFrameworksBuildPhase section */
		3ED77D282E0AB16E0003BFF6 /* Frameworks */ = {
			isa = PBXFrameworksBuildPhase;
			buildActionMask = 2147483647;
			files = (
			);
			runOnlyForDeploymentPostprocessing = 0;
		};
		3ED77D382E0AB16F0003BFF6 /* Frameworks */ = {
			isa = PBXFrameworksBuildPhase;
			buildActionMask = 2147483647;
			files = (
			);
			runOnlyForDeploymentPostprocessing = 0;
		};
		3ED77D422E0AB16F0003BFF6 /* Frameworks */ = {
			isa = PBXFrameworksBuildPhase;
			buildActionMask = 2147483647;
			files = (
			);
			runOnlyForDeploymentPostprocessing = 0;
		};
/* End PBXFrameworksBuildPhase section */

/* Begin PBXGroup section */
		3ED77D222E0AB16E0003BFF6 = {
			isa = PBXGroup;
			children = (
				3ED77D2D2E0AB16E0003BFF6 /* VideoScrubber */,
				3ED77D3E2E0AB16F0003BFF6 /* VideoScrubberTests */,
				3ED77D482E0AB16F0003BFF6 /* VideoScrubberUITests */,
				3ED77D2C2E0AB16E0003BFF6 /* Products */,
			);
			sourceTree = "<group>";
		};
		3ED77D2C2E0AB16E0003BFF6 /* Products */ = {
			isa = PBXGroup;
			children = (
				3ED77D2B2E0AB16E0003BFF6 /* VideoScrubber.app */,
				3ED77D3B2E0AB16F0003BFF6 /* VideoScrubberTests.xctest */,
				3ED77D452E0AB16F0003BFF6 /* VideoScrubberUITests.xctest */,
			);
			name = Products;
			sourceTree = "<group>";
		};
/* End PBXGroup section */

/* Begin PBXNativeTarget section */
		3ED77D2A2E0AB16E0003BFF6 /* VideoScrubber */ = {
			isa = PBXNativeTarget;
			buildConfigurationList = 3ED77D4F2E0AB16F0003BFF6 /* Build configuration list for PBXNativeTarget "VideoScrubber" */;
			buildPhases = (
				3ED77D272E0AB16E0003BFF6 /* Sources */,
				3ED77D282E0AB16E0003BFF6 /* Frameworks */,
				3ED77D292E0AB16E0003BFF6 /* Resources */,
			);
			buildRules = (
			);
			dependencies = (
			);
			fileSystemSynchronizedGroups = (
				3ED77D2D2E0AB16E0003BFF6 /* VideoScrubber */,
			);
			name = VideoScrubber;
			packageProductDependencies = (
			);
			productName = VideoScrubber;
			productReference = 3ED77D2B2E0AB16E0003BFF6 /* VideoScrubber.app */;
			productType = "com.apple.product-type.application";
		};
		3ED77D3A2E0AB16F0003BFF6 /* VideoScrubberTests */ = {
			isa = PBXNativeTarget;
			buildConfigurationList = 3ED77D522E0AB16F0003BFF6 /* Build configuration list for PBXNativeTarget "VideoScrubberTests" */;
			buildPhases = (
				3ED77D372E0AB16F0003BFF6 /* Sources */,
				3ED77D382E0AB16F0003BFF6 /* Frameworks */,
				3ED77D392E0AB16F0003BFF6 /* Resources */,
			);
			buildRules = (
			);
			dependencies = (
				3ED77D3D2E0AB16F0003BFF6 /* PBXTargetDependency */,
			);
			fileSystemSynchronizedGroups = (
				3ED77D3E2E0AB16F0003BFF6 /* VideoScrubberTests */,
			);
			name = VideoScrubberTests;
			packageProductDependencies = (
			);
			productName = VideoScrubberTests;
			productReference = 3ED77D3B2E0AB16F0003BFF6 /* VideoScrubberTests.xctest */;
			productType = "com.apple.product-type.bundle.unit-test";
		};
		3ED77D442E0AB16F0003BFF6 /* VideoScrubberUITests */ = {
			isa = PBXNativeTarget;
			buildConfigurationList = 3ED77D552E0AB16F0003BFF6 /* Build configuration list for PBXNativeTarget "VideoScrubberUITests" */;
			buildPhases = (
				3ED77D412E0AB16F0003BFF6 /* Sources */,
				3ED77D422E0AB16F0003BFF6 /* Frameworks */,
				3ED77D432E0AB16F0003BFF6 /* Resources */,
			);
			buildRules = (
			);
			dependencies = (
				3ED77D472E0AB16F0003BFF6 /* PBXTargetDependency */,
			);
			fileSystemSynchronizedGroups = (
				3ED77D482E0AB16F0003BFF6 /* VideoScrubberUITests */,
			);
			name = VideoScrubberUITests;
			packageProductDependencies = (
			);
			productName = VideoScrubberUITests;
			productReference = 3ED77D452E0AB16F0003BFF6 /* VideoScrubberUITests.xctest */;
			productType = "com.apple.product-type.bundle.ui-testing";
		};
/* End PBXNativeTarget section */

/* Begin PBXProject section */
		3ED77D232E0AB16E0003BFF6 /* Project object */ = {
			isa = PBXProject;
			attributes = {
				BuildIndependentTargetsInParallel = 1;
				LastSwiftUpdateCheck = 1610;
				LastUpgradeCheck = 1610;
				TargetAttributes = {
					3ED77D2A2E0AB16E0003BFF6 = {
						CreatedOnToolsVersion = 16.1;
					};
					3ED77D3A2E0AB16F0003BFF6 = {
						CreatedOnToolsVersion = 16.1;
						TestTargetID = 3ED77D2A2E0AB16E0003BFF6;
					};
					3ED77D442E0AB16F0003BFF6 = {
						CreatedOnToolsVersion = 16.1;
						TestTargetID = 3ED77D2A2E0AB16E0003BFF6;
					};
				};
			};
			buildConfigurationList = 3ED77D262E0AB16E0003BFF6 /* Build configuration list for PBXProject "VideoScrubber" */;
			developmentRegion = en;
			hasScannedForEncodings = 0;
			knownRegions = (
				en,
				Base,
			);
			mainGroup = 3ED77D222E0AB16E0003BFF6;
			minimizedProjectReferenceProxies = 1;
			preferredProjectObjectVersion = 77;
			productRefGroup = 3ED77D2C2E0AB16E0003BFF6 /* Products */;
			projectDirPath = "";
			projectRoot = "";
			targets = (
				3ED77D2A2E0AB16E0003BFF6 /* VideoScrubber */,
				3ED77D3A2E0AB16F0003BFF6 /* VideoScrubberTests */,
				3ED77D442E0AB16F0003BFF6 /* VideoScrubberUITests */,
			);
		};
/* End PBXProject section */

/* Begin PBXResourcesBuildPhase section */
		3ED77D292E0AB16E0003BFF6 /* Resources */ = {
			isa = PBXResourcesBuildPhase;
			buildActionMask = 2147483647;
			files = (
			);
			runOnlyForDeploymentPostprocessing = 0;
		};
		3ED77D392E0AB16F0003BFF6 /* Resources */ = {
			isa = PBXResourcesBuildPhase;
			buildActionMask = 2147483647;
			files = (
			);
			runOnlyForDeploymentPostprocessing = 0;
		};
		3ED77D432E0AB16F0003BFF6 /* Resources */ = {
			isa = PBXResourcesBuildPhase;
			buildActionMask = 2147483647;
			files = (
			);
			runOnlyForDeploymentPostprocessing = 0;
		};
/* End PBXResourcesBuildPhase section */

/* Begin PBXSourcesBuildPhase section */
		3ED77D272E0AB16E0003BFF6 /* Sources */ = {
			isa = PBXSourcesBuildPhase;
			buildActionMask = 2147483647;
			files = (
			);
			runOnlyForDeploymentPostprocessing = 0;
		};
		3ED77D372E0AB16F0003BFF6 /* Sources */ = {
			isa = PBXSourcesBuildPhase;
			buildActionMask = 2147483647;
			files = (
			);
			runOnlyForDeploymentPostprocessing = 0;
		};
		3ED77D412E0AB16F0003BFF6 /* Sources */ = {
			isa = PBXSourcesBuildPhase;
			buildActionMask = 2147483647;
			files = (
			);
			runOnlyForDeploymentPostprocessing = 0;
		};
/* End PBXSourcesBuildPhase section */

/* Begin PBXTargetDependency section */
		3ED77D3D2E0AB16F0003BFF6 /* PBXTargetDependency */ = {
			isa = PBXTargetDependency;
			target = 3ED77D2A2E0AB16E0003BFF6 /* VideoScrubber */;
			targetProxy = 3ED77D3C2E0AB16F0003BFF6 /* PBXContainerItemProxy */;
		};
		3ED77D472E0AB16F0003BFF6 /* PBXTargetDependency */ = {
			isa = PBXTargetDependency;
			target = 3ED77D2A2E0AB16E0003BFF6 /* VideoScrubber */;
			targetProxy = 3ED77D462E0AB16F0003BFF6 /* PBXContainerItemProxy */;
		};
/* End PBXTargetDependency section */

/* Begin XCBuildConfiguration section */
		3ED77D4D2E0AB16F0003BFF6 /* Debug */ = {
			isa = XCBuildConfiguration;
			buildSettings = {
				ALWAYS_SEARCH_USER_PATHS = NO;
				ASSETCATALOG_COMPILER_GENERATE_SWIFT_ASSET_SYMBOL_EXTENSIONS = YES;
				CLANG_ANALYZER_NONNULL = YES;
				CLANG_ANALYZER_NUMBER_OBJECT_CONVERSION = YES_AGGRESSIVE;
				CLANG_CXX_LANGUAGE_STANDARD = "gnu++20";
				CLANG_ENABLE_MODULES = YES;
				CLANG_ENABLE_OBJC_ARC = YES;
				CLANG_ENABLE_OBJC_WEAK = YES;
				CLANG_WARN_BLOCK_CAPTURE_AUTORELEASING = YES;
				CLANG_WARN_BOOL_CONVERSION = YES;
				CLANG_WARN_COMMA = YES;
				CLANG_WARN_CONSTANT_CONVERSION = YES;
				CLANG_WARN_DEPRECATED_OBJC_IMPLEMENTATIONS = YES;
				CLANG_WARN_DIRECT_OBJC_ISA_USAGE = YES_ERROR;
				CLANG_WARN_DOCUMENTATION_COMMENTS = YES;
				CLANG_WARN_EMPTY_BODY = YES;
				CLANG_WARN_ENUM_CONVERSION = YES;
				CLANG_WARN_INFINITE_RECURSION = YES;
				CLANG_WARN_INT_CONVERSION = YES;
				CLANG_WARN_NON_LITERAL_NULL_CONVERSION = YES;
				CLANG_WARN_OBJC_IMPLICIT_RETAIN_SELF = YES;
				CLANG_WARN_OBJC_LITERAL_CONVERSION = YES;
				CLANG_WARN_OBJC_ROOT_CLASS = YES_ERROR;
				CLANG_WARN_QUOTED_INCLUDE_IN_FRAMEWORK_HEADER = YES;
				CLANG_WARN_RANGE_LOOP_ANALYSIS = YES;
				CLANG_WARN_STRICT_PROTOTYPES = YES;
				CLANG_WARN_SUSPICIOUS_MOVE = YES;
				CLANG_WARN_UNGUARDED_AVAILABILITY = YES_AGGRESSIVE;
				CLANG_WARN_UNREACHABLE_CODE = YES;
				CLANG_WARN__DUPLICATE_METHOD_MATCH = YES;
				COPY_PHASE_STRIP = NO;
				DEBUG_INFORMATION_FORMAT = dwarf;
				ENABLE_STRICT_OBJC_MSGSEND = YES;
				ENABLE_TESTABILITY = YES;
				ENABLE_USER_SCRIPT_SANDBOXING = YES;
				GCC_C_LANGUAGE_STANDARD = gnu17;
				GCC_DYNAMIC_NO_PIC = NO;
				GCC_NO_COMMON_BLOCKS = YES;
				GCC_OPTIMIZATION_LEVEL = 0;
				GCC_PREPROCESSOR_DEFINITIONS = (
					"DEBUG=1",
					"$(inherited)",
				);
				GCC_WARN_64_TO_32_BIT_CONVERSION = YES;
				GCC_WARN_ABOUT_RETURN_TYPE = YES_ERROR;
				GCC_WARN_UNDECLARED_SELECTOR = YES;
				GCC_WARN_UNINITIALIZED_AUTOS = YES_AGGRESSIVE;
				GCC_WARN_UNUSED_FUNCTION = YES;
				GCC_WARN_UNUSED_VARIABLE = YES;
				IPHONEOS_DEPLOYMENT_TARGET = 18.1;
				LOCALIZATION_PREFERS_STRING_CATALOGS = YES;
				MTL_ENABLE_DEBUG_INFO = INCLUDE_SOURCE;
				MTL_FAST_MATH = YES;
				ONLY_ACTIVE_ARCH = YES;
				SDKROOT = iphoneos;
				SWIFT_ACTIVE_COMPILATION_CONDITIONS = "DEBUG $(inherited)";
				SWIFT_OPTIMIZATION_LEVEL = "-Onone";
			};
			name = Debug;
		};
		3ED77D4E2E0AB16F0003BFF6 /* Release */ = {
			isa = XCBuildConfiguration;
			buildSettings = {
				ALWAYS_SEARCH_USER_PATHS = NO;
				ASSETCATALOG_COMPILER_GENERATE_SWIFT_ASSET_SYMBOL_EXTENSIONS = YES;
				CLANG_ANALYZER_NONNULL = YES;
				CLANG_ANALYZER_NUMBER_OBJECT_CONVERSION = YES_AGGRESSIVE;
				CLANG_CXX_LANGUAGE_STANDARD = "gnu++20";
				CLANG_ENABLE_MODULES = YES;
				CLANG_ENABLE_OBJC_ARC = YES;
				CLANG_ENABLE_OBJC_WEAK = YES;
				CLANG_WARN_BLOCK_CAPTURE_AUTORELEASING = YES;
				CLANG_WARN_BOOL_CONVERSION = YES;
				CLANG_WARN_COMMA = YES;
				CLANG_WARN_CONSTANT_CONVERSION = YES;
				CLANG_WARN_DEPRECATED_OBJC_IMPLEMENTATIONS = YES;
				CLANG_WARN_DIRECT_OBJC_ISA_USAGE = YES_ERROR;
				CLANG_WARN_DOCUMENTATION_COMMENTS = YES;
				CLANG_WARN_EMPTY_BODY = YES;
				CLANG_WARN_ENUM_CONVERSION = YES;
				CLANG_WARN_INFINITE_RECURSION = YES;
				CLANG_WARN_INT_CONVERSION = YES;
				CLANG_WARN_NON_LITERAL_NULL_CONVERSION = YES;
				CLANG_WARN_OBJC_IMPLICIT_RETAIN_SELF = YES;
				CLANG_WARN_OBJC_LITERAL_CONVERSION = YES;
				CLANG_WARN_OBJC_ROOT_CLASS = YES_ERROR;
				CLANG_WARN_QUOTED_INCLUDE_IN_FRAMEWORK_HEADER = YES;
				CLANG_WARN_RANGE_LOOP_ANALYSIS = YES;
				CLANG_WARN_STRICT_PROTOTYPES = YES;
				CLANG_WARN_SUSPICIOUS_MOVE = YES;
				CLANG_WARN_UNGUARDED_AVAILABILITY = YES_AGGRESSIVE;
				CLANG_WARN_UNREACHABLE_CODE = YES;
				CLANG_WARN__DUPLICATE_METHOD_MATCH = YES;
				COPY_PHASE_STRIP = NO;
				DEBUG_INFORMATION_FORMAT = "dwarf-with-dsym";
				ENABLE_NS_ASSERTIONS = NO;
				ENABLE_STRICT_OBJC_MSGSEND = YES;
				ENABLE_USER_SCRIPT_SANDBOXING = YES;
				GCC_C_LANGUAGE_STANDARD = gnu17;
				GCC_NO_COMMON_BLOCKS = YES;
				GCC_WARN_64_TO_32_BIT_CONVERSION = YES;
				GCC_WARN_ABOUT_RETURN_TYPE = YES_ERROR;
				GCC_WARN_UNDECLARED_SELECTOR = YES;
				GCC_WARN_UNINITIALIZED_AUTOS = YES_AGGRESSIVE;
				GCC_WARN_UNUSED_FUNCTION = YES;
				GCC_WARN_UNUSED_VARIABLE = YES;
				IPHONEOS_DEPLOYMENT_TARGET = 18.1;
				LOCALIZATION_PREFERS_STRING_CATALOGS = YES;
				MTL_ENABLE_DEBUG_INFO = NO;
				MTL_FAST_MATH = YES;
				SDKROOT = iphoneos;
				SWIFT_COMPILATION_MODE = wholemodule;
				VALIDATE_PRODUCT = YES;
			};
			name = Release;
		};
		3ED77D502E0AB16F0003BFF6 /* Debug */ = {
			isa = XCBuildConfiguration;
			buildSettings = {
				ASSETCATALOG_COMPILER_APPICON_NAME = AppIcon;
				ASSETCATALOG_COMPILER_GLOBAL_ACCENT_COLOR_NAME = AccentColor;
				CODE_SIGN_STYLE = Automatic;
				CURRENT_PROJECT_VERSION = 1;
				DEVELOPMENT_ASSET_PATHS = "\"VideoScrubber/Preview Content\"";
				ENABLE_PREVIEWS = YES;
				GENERATE_INFOPLIST_FILE = YES;
				INFOPLIST_KEY_UIApplicationSceneManifest_Generation = YES;
				INFOPLIST_KEY_UIApplicationSupportsIndirectInputEvents = YES;
				INFOPLIST_KEY_UILaunchScreen_Generation = YES;
				INFOPLIST_KEY_UISupportedInterfaceOrientations_iPad = "UIInterfaceOrientationPortrait UIInterfaceOrientationPortraitUpsideDown UIInterfaceOrientationLandscapeLeft UIInterfaceOrientationLandscapeRight";
				INFOPLIST_KEY_UISupportedInterfaceOrientations_iPhone = "UIInterfaceOrientationPortrait UIInterfaceOrientationLandscapeLeft UIInterfaceOrientationLandscapeRight";
				IPHONEOS_DEPLOYMENT_TARGET = 15.6;
				LD_RUNPATH_SEARCH_PATHS = (
					"$(inherited)",
					"@executable_path/Frameworks",
				);
				MARKETING_VERSION = 1.0;
				PRODUCT_BUNDLE_IDENTIFIER = com.freakyali.VideoScrubber;
				PRODUCT_NAME = "$(TARGET_NAME)";
				SWIFT_EMIT_LOC_STRINGS = YES;
				SWIFT_VERSION = 5.0;
				TARGETED_DEVICE_FAMILY = "1,2";
			};
			name = Debug;
		};
		3ED77D512E0AB16F0003BFF6 /* Release */ = {
			isa = XCBuildConfiguration;
			buildSettings = {
				ASSETCATALOG_COMPILER_APPICON_NAME = AppIcon;
				ASSETCATALOG_COMPILER_GLOBAL_ACCENT_COLOR_NAME = AccentColor;
				CODE_SIGN_STYLE = Automatic;
				CURRENT_PROJECT_VERSION = 1;
				DEVELOPMENT_ASSET_PATHS = "\"VideoScrubber/Preview Content\"";
				ENABLE_PREVIEWS = YES;
				GENERATE_INFOPLIST_FILE = YES;
				INFOPLIST_KEY_UIApplicationSceneManifest_Generation = YES;
				INFOPLIST_KEY_UIApplicationSupportsIndirectInputEvents = YES;
				INFOPLIST_KEY_UILaunchScreen_Generation = YES;
				INFOPLIST_KEY_UISupportedInterfaceOrientations_iPad = "UIInterfaceOrientationPortrait UIInterfaceOrientationPortraitUpsideDown UIInterfaceOrientationLandscapeLeft UIInterfaceOrientationLandscapeRight";
				INFOPLIST_KEY_UISupportedInterfaceOrientations_iPhone = "UIInterfaceOrientationPortrait UIInterfaceOrientationLandscapeLeft UIInterfaceOrientationLandscapeRight";
				IPHONEOS_DEPLOYMENT_TARGET = 15.6;
				LD_RUNPATH_SEARCH_PATHS = (
					"$(inherited)",
					"@executable_path/Frameworks",
				);
				MARKETING_VERSION = 1.0;
				PRODUCT_BUNDLE_IDENTIFIER = com.freakyali.VideoScrubber;
				PRODUCT_NAME = "$(TARGET_NAME)";
				SWIFT_EMIT_LOC_STRINGS = YES;
				SWIFT_VERSION = 5.0;
				TARGETED_DEVICE_FAMILY = "1,2";
			};
			name = Release;
		};
		3ED77D532E0AB16F0003BFF6 /* Debug */ = {
			isa = XCBuildConfiguration;
			buildSettings = {
				BUNDLE_LOADER = "$(TEST_HOST)";
				CODE_SIGN_STYLE = Automatic;
				CURRENT_PROJECT_VERSION = 1;
				GENERATE_INFOPLIST_FILE = YES;
				IPHONEOS_DEPLOYMENT_TARGET = 18.1;
				MARKETING_VERSION = 1.0;
				PRODUCT_BUNDLE_IDENTIFIER = com.freakyali.VideoScrubberTests;
				PRODUCT_NAME = "$(TARGET_NAME)";
				SWIFT_EMIT_LOC_STRINGS = NO;
				SWIFT_VERSION = 5.0;
				TARGETED_DEVICE_FAMILY = "1,2";
				TEST_HOST = "$(BUILT_PRODUCTS_DIR)/VideoScrubber.app/$(BUNDLE_EXECUTABLE_FOLDER_PATH)/VideoScrubber";
			};
			name = Debug;
		};
		3ED77D542E0AB16F0003BFF6 /* Release */ = {
			isa = XCBuildConfiguration;
			buildSettings = {
				BUNDLE_LOADER = "$(TEST_HOST)";
				CODE_SIGN_STYLE = Automatic;
				CURRENT_PROJECT_VERSION = 1;
				GENERATE_INFOPLIST_FILE = YES;
				IPHONEOS_DEPLOYMENT_TARGET = 18.1;
				MARKETING_VERSION = 1.0;
				PRODUCT_BUNDLE_IDENTIFIER = com.freakyali.VideoScrubberTests;
				PRODUCT_NAME = "$(TARGET_NAME)";
				SWIFT_EMIT_LOC_STRINGS = NO;
				SWIFT_VERSION = 5.0;
				TARGETED_DEVICE_FAMILY = "1,2";
				TEST_HOST = "$(BUILT_PRODUCTS_DIR)/VideoScrubber.app/$(BUNDLE_EXECUTABLE_FOLDER_PATH)/VideoScrubber";
			};
			name = Release;
		};
		3ED77D562E0AB16F0003BFF6 /* Debug */ = {
			isa = XCBuildConfiguration;
			buildSettings = {
				CODE_SIGN_STYLE = Automatic;
				CURRENT_PROJECT_VERSION = 1;
				GENERATE_INFOPLIST_FILE = YES;
				MARKETING_VERSION = 1.0;
				PRODUCT_BUNDLE_IDENTIFIER = com.freakyali.VideoScrubberUITests;
				PRODUCT_NAME = "$(TARGET_NAME)";
				SWIFT_EMIT_LOC_STRINGS = NO;
				SWIFT_VERSION = 5.0;
				TARGETED_DEVICE_FAMILY = "1,2";
				TEST_TARGET_NAME = VideoScrubber;
			};
			name = Debug;
		};
		3ED77D572E0AB16F0003BFF6 /* Release */ = {
			isa = XCBuildConfiguration;
			buildSettings = {
				CODE_SIGN_STYLE = Automatic;
				CURRENT_PROJECT_VERSION = 1;
				GENERATE_INFOPLIST_FILE = YES;
				MARKETING_VERSION = 1.0;
				PRODUCT_BUNDLE_IDENTIFIER = com.freakyali.VideoScrubberUITests;
				PRODUCT_NAME = "$(TARGET_NAME)";
				SWIFT_EMIT_LOC_STRINGS = NO;
				SWIFT_VERSION = 5.0;
				TARGETED_DEVICE_FAMILY = "1,2";
				TEST_TARGET_NAME = VideoScrubber;
			};
			name = Release;
		};
/* End XCBuildConfiguration section */

/* Begin XCConfigurationList section */
		3ED77D262E0AB16E0003BFF6 /* Build configuration list for PBXProject "VideoScrubber" */ = {
			isa = XCConfigurationList;
			buildConfigurations = (
				3ED77D4D2E0AB16F0003BFF6 /* Debug */,
				3ED77D4E2E0AB16F0003BFF6 /* Release */,
			);
			defaultConfigurationIsVisible = 0;
			defaultConfigurationName = Release;
		};
		3ED77D4F2E0AB16F0003BFF6 /* Build configuration list for PBXNativeTarget "VideoScrubber" */ = {
			isa = XCConfigurationList;
			buildConfigurations = (
				3ED77D502E0AB16F0003BFF6 /* Debug */,
				3ED77D512E0AB16F0003BFF6 /* Release */,
			);
			defaultConfigurationIsVisible = 0;
			defaultConfigurationName = Release;
		};
		3ED77D522E0AB16F0003BFF6 /* Build configuration list for PBXNativeTarget "VideoScrubberTests" */ = {
			isa = XCConfigurationList;
			buildConfigurations = (
				3ED77D532E0AB16F0003BFF6 /* Debug */,
				3ED77D542E0AB16F0003BFF6 /* Release */,
			);
			defaultConfigurationIsVisible = 0;
			defaultConfigurationName = Release;
		};
		3ED77D552E0AB16F0003BFF6 /* Build configuration list for PBXNativeTarget "VideoScrubberUITests" */ = {
			isa = XCConfigurationList;
			buildConfigurations = (
				3ED77D562E0AB16F0003BFF6 /* Debug */,
				3ED77D572E0AB16F0003BFF6 /* Release */,
			);
			defaultConfigurationIsVisible = 0;
			defaultConfigurationName = Release;
		};
/* End XCConfigurationList section */
	};
	rootObject = 3ED77D232E0AB16E0003BFF6 /* Project object */;
}
